{
  "name": "cdt-debug-servers",
  "version": "1.0.0",
  "lockfileVersion": 1,
  "requires": true,
  "dependencies": {
    "cdt-gdb-adapter": {
      "version": "https://ci.eclipse.org/cdt/view/Github/job/cdt-gdb-adapter-master/lastSuccessfulBuild/artifact/cdt-gdb-adapter.tgz",
      "integrity": "sha1-wdVFC6MH7BTW1FvmsttH4G+i3to=",
      "requires": {
        "vscode-debugadapter": "^1.32.1"
      }
    },
    "minimist": {
      "version": "0.0.8",
      "resolved": "https://registry.npmjs.org/minimist/-/minimist-0.0.8.tgz",
      "integrity": "sha1-hX/Kv8M5fSYluCKCYuhqp6ARsF0="
    },
    "mkdirp": {
      "version": "0.5.1",
      "resolved": "https://registry.npmjs.org/mkdirp/-/mkdirp-0.5.1.tgz",
      "integrity": "sha1-MAV0OOrGz3+MR2fzhkjWaX11yQM=",
      "requires": {
        "minimist": "0.0.8"
      }
    },
    "vscode-debugadapter": {
      "version": "1.33.0",
      "resolved": "https://registry.npmjs.org/vscode-debugadapter/-/vscode-debugadapter-1.33.0.tgz",
      "integrity": "sha1-boaIi74SCI95saS1YjOrEPdPqo8=",
      "requires": {
        "mkdirp": "^0.5.1",
        "vscode-debugprotocol": "1.33.0"
      }
    },
    "vscode-debugprotocol": {
      "version": "1.33.0",
      "resolved": "https://registry.npmjs.org/vscode-debugprotocol/-/vscode-debugprotocol-1.33.0.tgz",
      "integrity": "sha1-M00udqyWXzNDegKYRB+s3K03fZk="
    }
  }
}
