# THIS IS AN AUTOGENERATED FILE. DO NOT EDIT THIS FILE DIRECTLY.
# yarn lockfile v1


"cdt-gdb-adapter@https://ci.eclipse.org/cdt/view/all/job/cdt-gdb-adapter-master/lastSuccessfulBuild/artifact/cdt-gdb-adapter-v0.0.13.tgz":
  version "0.0.13"
  resolved "https://ci.eclipse.org/cdt/view/all/job/cdt-gdb-adapter-master/lastSuccessfulBuild/artifact/cdt-gdb-adapter-v0.0.13.tgz#7964b9d9f01ec5488fe279369d39ec91f11d3d8e"
  dependencies:
    node-addon-api "^1.6.2"
    vscode-debugadapter "^1.32.1"

minimist@0.0.8:
  version "0.0.8"
  resolved "https://registry.yarnpkg.com/minimist/-/minimist-0.0.8.tgz#857fcabfc3397d2625b8228262e86aa7a011b05d"
  integrity sha1-hX/Kv8M5fSYluCKCYuhqp6ARsF0=

mkdirp@^0.5.1:
  version "0.5.1"
  resolved "https://registry.yarnpkg.com/mkdirp/-/mkdirp-0.5.1.tgz#30057438eac6cf7f8c4767f38648d6697d75c903"
  integrity sha1-MAV0OOrGz3+MR2fzhkjWaX11yQM=
  dependencies:
    minimist "0.0.8"

node-addon-api@^1.6.2:
  version "1.7.1"
  resolved "https://registry.yarnpkg.com/node-addon-api/-/node-addon-api-1.7.1.tgz#cf813cd69bb8d9100f6bdca6755fc268f54ac492"
  integrity sha512-2+DuKodWvwRTrCfKOeR24KIc5unKjOh8mz17NCzVnHWfjAdDqbfbjqh7gUT+BkXBRQM52+xCHciKWonJ3CbJMQ==

vscode-debugadapter@^1.32.1:
  version "1.35.0"
  resolved "https://registry.yarnpkg.com/vscode-debugadapter/-/vscode-debugadapter-1.35.0.tgz#d16dc32e93920a26ec5d6fe2330ba283600bcddb"
  integrity sha512-Au90Iowj6TuD5uDMaTnxOjl/9hQN0Yoky1TV1Cjjr7jPdxTQpALBRW09Y2LzkIXUVICXlAqxWL9zL8BpzI30jg==
  dependencies:
    mkdirp "^0.5.1"
    vscode-debugprotocol "1.35.0"

vscode-debugprotocol@1.35.0:
  version "1.35.0"
  resolved "https://registry.yarnpkg.com/vscode-debugprotocol/-/vscode-debugprotocol-1.35.0.tgz#565140cd42945e30c6c85cafb38c631457d4a46c"
  integrity sha512-+OMm11R1bGYbpIJ5eQIkwoDGFF4GvBz3Ztl6/VM+/RNNb2Gjk2c0Ku+oMmfhlTmTlPCpgHBsH4JqVCbUYhu5bA==
