# THIS IS AN AUTOGENERATED FILE. DO NOT EDIT THIS FILE DIRECTLY.
# yarn lockfile v1


cdt-gdb-adapter@0.0.14:
  version "0.0.14"
  resolved "https://registry.yarnpkg.com/cdt-gdb-adapter/-/cdt-gdb-adapter-0.0.14.tgz#0b4cc8650699572003e52a9f8265e9c65055339c"
  integrity sha512-SDRVECyEkgePj0AJNVp8HUOw/ObXSlakQNxMasC1wlCn6eE8HcLAdYqdIgwRtnkp2Ct96/U5mXHFHWQDan6ckw==
  dependencies:
    node-addon-api "^1.6.2"
    vscode-debugadapter "^1.37.1"
    vscode-debugprotocol "^1.37.0"

minimist@0.0.8:
  version "0.0.8"
  resolved "https://registry.yarnpkg.com/minimist/-/minimist-0.0.8.tgz#857fcabfc3397d2625b8228262e86aa7a011b05d"
  integrity sha1-hX/Kv8M5fSYluCKCYuhqp6ARsF0=

mkdirp@^0.5.1:
  version "0.5.1"
  resolved "https://registry.yarnpkg.com/mkdirp/-/mkdirp-0.5.1.tgz#30057438eac6cf7f8c4767f38648d6697d75c903"
  integrity sha1-MAV0OOrGz3+MR2fzhkjWaX11yQM=
  dependencies:
    minimist "0.0.8"

node-addon-api@^1.6.2:
  version "1.7.1"
  resolved "https://registry.yarnpkg.com/node-addon-api/-/node-addon-api-1.7.1.tgz#cf813cd69bb8d9100f6bdca6755fc268f54ac492"
  integrity sha512-2+DuKodWvwRTrCfKOeR24KIc5unKjOh8mz17NCzVnHWfjAdDqbfbjqh7gUT+BkXBRQM52+xCHciKWonJ3CbJMQ==

vscode-debugadapter@^1.37.1:
  version "1.37.1"
  resolved "https://registry.yarnpkg.com/vscode-debugadapter/-/vscode-debugadapter-1.37.1.tgz#7d7076e64e9786fe4fcb0c156e1ed24184a9fb2b"
  integrity sha512-g/xNsUdkrd0DifaoRJ4+wypSMsMbK47fGpetpmIOnOQiDFjtYKvqxsgyUZ4BOj2jKP2Xa40B4YXfUUJpqreWJg==
  dependencies:
    mkdirp "^0.5.1"
    vscode-debugprotocol "1.37.0"

vscode-debugprotocol@1.37.0, vscode-debugprotocol@^1.37.0:
  version "1.37.0"
  resolved "https://registry.yarnpkg.com/vscode-debugprotocol/-/vscode-debugprotocol-1.37.0.tgz#e8c4694a078d18ea1a639553a7a241b35c1e6f6d"
  integrity sha512-ppZLEBbFRVNsK0YpfgFi/x2CDyihx0F+UpdKmgeJcvi05UgSXYdO0n9sDVYwoGvvYQPvlpDQeWuY0nloOC4mPA==
